// !$*UTF8*$!
{
	archiveVersion = 1;
	classes = {
	};
	objectVersion = 50;
	objects = {

/* Begin PBXBuildFile section */
		6447631A24606FE0006F1DA0 /* AppDelegate.swift in Sources */ = {isa = PBXBuildFile; fileRef = 6447631924606FE0006F1DA0 /* AppDelegate.swift */; };
		6447631C24606FE0006F1DA0 /* SceneDelegate.swift in Sources */ = {isa = PBXBuildFile; fileRef = 6447631B24606FE0006F1DA0 /* SceneDelegate.swift */; };
		6447631E24606FE0006F1DA0 /* ViewController.swift in Sources */ = {isa = PBXBuildFile; fileRef = 6447631D24606FE0006F1DA0 /* ViewController.swift */; };
		6447632124606FE0006F1DA0 /* Main.storyboard in Resources */ = {isa = PBXBuildFile; fileRef = 6447631F24606FE0006F1DA0 /* Main.storyboard */; };
		6447632324606FE2006F1DA0 /* Assets.xcassets in Resources */ = {isa = PBXBuildFile; fileRef = 6447632224606FE2006F1DA0 /* Assets.xcassets */; };
		6447632624606FE2006F1DA0 /* LaunchScreen.storyboard in Resources */ = {isa = PBXBuildFile; fileRef = 6447632424606FE2006F1DA0 /* LaunchScreen.storyboard */; };
		6447633124606FE2006F1DA0 /* PMATests.swift in Sources */ = {isa = PBXBuildFile; fileRef = 6447633024606FE2006F1DA0 /* PMATests.swift */; };
		6447633C24606FE3006F1DA0 /* PMAUITests.swift in Sources */ = {isa = PBXBuildFile; fileRef = 6447633B24606FE2006F1DA0 /* PMAUITests.swift */; };
/* End PBXBuildFile section */

/* Begin PBXContainerItemProxy section */
		6447632D24606FE2006F1DA0 /* PBXContainerItemProxy */ = {
			isa = PBXContainerItemProxy;
			containerPortal = 6447630E24606FE0006F1DA0 /* Project object */;
			proxyType = 1;
			remoteGlobalIDString = 6447631524606FE0006F1DA0;
			remoteInfo = PMA;
		};
		6447633824606FE2006F1DA0 /* PBXContainerItemProxy */ = {
			isa = PBXContainerItemProxy;
			containerPortal = 6447630E24606FE0006F1DA0 /* Project object */;
			proxyType = 1;
			remoteGlobalIDString = 6447631524606FE0006F1DA0;
			remoteInfo = PMA;
		};
/* End PBXContainerItemProxy section */

/* Begin PBXFileReference section */
		6447631624606FE0006F1DA0 /* PMA.app */ = {isa = PBXFileReference; explicitFileType = wrapper.application; includeInIndex = 0; path = PMA.app; sourceTree = BUILT_PRODUCTS_DIR; };
		6447631924606FE0006F1DA0 /* AppDelegate.swift */ = {isa = PBXFileReference; lastKnownFileType = sourcecode.swift; path = AppDelegate.swift; sourceTree = "<group>"; };
		6447631B24606FE0006F1DA0 /* SceneDelegate.swift */ = {isa = PBXFileReference; lastKnownFileType = sourcecode.swift; path = SceneDelegate.swift; sourceTree = "<group>"; };
		6447631D24606FE0006F1DA0 /* ViewController.swift */ = {isa = PBXFileReference; lastKnownFileType = sourcecode.swift; path = ViewController.swift; sourceTree = "<group>"; };
		6447632024606FE0006F1DA0 /* Base */ = {isa = PBXFileReference; lastKnownFileType = file.storyboard; name = Base; path = Base.lproj/Main.storyboard; sourceTree = "<group>"; };
		6447632224606FE2006F1DA0 /* Assets.xcassets */ = {isa = PBXFileReference; lastKnownFileType = folder.assetcatalog; path = Assets.xcassets; sourceTree = "<group>"; };
		6447632524606FE2006F1DA0 /* Base */ = {isa = PBXFileReference; lastKnownFileType = file.storyboard; name = Base; path = Base.lproj/LaunchScreen.storyboard; sourceTree = "<group>"; };
		6447632724606FE2006F1DA0 /* Info.plist */ = {isa = PBXFileReference; lastKnownFileType = text.plist.xml; path = Info.plist; sourceTree = "<group>"; };
		6447632C24606FE2006F1DA0 /* PMATests.xctest */ = {isa = PBXFileReference; explicitFileType = wrapper.cfbundle; includeInIndex = 0; path = PMATests.xctest; sourceTree = BUILT_PRODUCTS_DIR; };
		6447633024606FE2006F1DA0 /* PMATests.swift */ = {isa = PBXFileReference; lastKnownFileType = sourcecode.swift; path = PMATests.swift; sourceTree = "<group>"; };
		6447633224606FE2006F1DA0 /* Info.plist */ = {isa = PBXFileReference; lastKnownFileType = text.plist.xml; path = Info.plist; sourceTree = "<group>"; };
		6447633724606FE2006F1DA0 /* PMAUITests.xctest */ = {isa = PBXFileReference; explicitFileType = wrapper.cfbundle; includeInIndex = 0; path = PMAUITests.xctest; sourceTree = BUILT_PRODUCTS_DIR; };
		6447633B24606FE2006F1DA0 /* PMAUITests.swift */ = {isa = PBXFileReference; lastKnownFileType = sourcecode.swift; path = PMAUITests.swift; sourceTree = "<group>"; };
		6447633D24606FE3006F1DA0 /* Info.plist */ = {isa = PBXFileReference; lastKnownFileType = text.plist.xml; path = Info.plist; sourceTree = "<group>"; };
/* End PBXFileReference section */

/* Begin PBXFrameworksBuildPhase section */
		6447631324606FE0006F1DA0 /* Frameworks */ = {
			isa = PBXFrameworksBuildPhase;
			buildActionMask = 2147483647;
			files = (
			);
			runOnlyForDeploymentPostprocessing = 0;
		};
		6447632924606FE2006F1DA0 /* Frameworks */ = {
			isa = PBXFrameworksBuildPhase;
			buildActionMask = 2147483647;
			files = (
			);
			runOnlyForDeploymentPostprocessing = 0;
		};
		6447633424606FE2006F1DA0 /* Frameworks */ = {
			isa = PBXFrameworksBuildPhase;
			buildActionMask = 2147483647;
			files = (
			);
			runOnlyForDeploymentPostprocessing = 0;
		};
/* End PBXFrameworksBuildPhase section */

/* Begin PBXGroup section */
		6447630D24606FE0006F1DA0 = {
			isa = PBXGroup;
			children = (
				6447631824606FE0006F1DA0 /* PMA */,
				6447632F24606FE2006F1DA0 /* PMATests */,
				6447633A24606FE2006F1DA0 /* PMAUITests */,
				6447631724606FE0006F1DA0 /* Products */,
			);
			sourceTree = "<group>";
		};
		6447631724606FE0006F1DA0 /* Products */ = {
			isa = PBXGroup;
			children = (
				6447631624606FE0006F1DA0 /* PMA.app */,
				6447632C24606FE2006F1DA0 /* PMATests.xctest */,
				6447633724606FE2006F1DA0 /* PMAUITests.xctest */,
			);
			name = Products;
			sourceTree = "<group>";
		};
		6447631824606FE0006F1DA0 /* PMA */ = {
			isa = PBXGroup;
			children = (
				6447631924606FE0006F1DA0 /* AppDelegate.swift */,
				6447631B24606FE0006F1DA0 /* SceneDelegate.swift */,
				6447631D24606FE0006F1DA0 /* ViewController.swift */,
				6447631F24606FE0006F1DA0 /* Main.storyboard */,
				6447632224606FE2006F1DA0 /* Assets.xcassets */,
				6447632424606FE2006F1DA0 /* LaunchScreen.storyboard */,
				6447632724606FE2006F1DA0 /* Info.plist */,
			);
			path = PMA;
			sourceTree = "<group>";
		};
		6447632F24606FE2006F1DA0 /* PMATests */ = {
			isa = PBXGroup;
			children = (
				6447633024606FE2006F1DA0 /* PMATests.swift */,
				6447633224606FE2006F1DA0 /* Info.plist */,
			);
			path = PMATests;
			sourceTree = "<group>";
		};
		6447633A24606FE2006F1DA0 /* PMAUITests */ = {
			isa = PBXGroup;
			children = (
				6447633B24606FE2006F1DA0 /* PMAUITests.swift */,
				6447633D24606FE3006F1DA0 /* Info.plist */,
			);
			path = PMAUITests;
			sourceTree = "<group>";
		};
/* End PBXGroup section */

/* Begin PBXNativeTarget section */
		6447631524606FE0006F1DA0 /* PMA */ = {
			isa = PBXNativeTarget;
			buildConfigurationList = 6447634024606FE3006F1DA0 /* Build configuration list for PBXNativeTarget "PMA" */;
			buildPhases = (
				6447631224606FE0006F1DA0 /* Sources */,
				6447631324606FE0006F1DA0 /* Frameworks */,
				6447631424606FE0006F1DA0 /* Resources */,
			);
			buildRules = (
			);
			dependencies = (
			);
			name = PMA;
			productName = PMA;
			productReference = 6447631624606FE0006F1DA0 /* PMA.app */;
			productType = "com.apple.product-type.application";
		};
		6447632B24606FE2006F1DA0 /* PMATests */ = {
			isa = PBXNativeTarget;
			buildConfigurationList = 6447634324606FE3006F1DA0 /* Build configuration list for PBXNativeTarget "PMATests" */;
			buildPhases = (
				6447632824606FE2006F1DA0 /* Sources */,
				6447632924606FE2006F1DA0 /* Frameworks */,
				6447632A24606FE2006F1DA0 /* Resources */,
			);
			buildRules = (
			);
			dependencies = (
				6447632E24606FE2006F1DA0 /* PBXTargetDependency */,
			);
			name = PMATests;
			productName = PMATests;
			productReference = 6447632C24606FE2006F1DA0 /* PMATests.xctest */;
			productType = "com.apple.product-type.bundle.unit-test";
		};
		6447633624606FE2006F1DA0 /* PMAUITests */ = {
			isa = PBXNativeTarget;
			buildConfigurationList = 6447634624606FE3006F1DA0 /* Build configuration list for PBXNativeTarget "PMAUITests" */;
			buildPhases = (
				6447633324606FE2006F1DA0 /* Sources */,
				6447633424606FE2006F1DA0 /* Frameworks */,
				6447633524606FE2006F1DA0 /* Resources */,
			);
			buildRules = (
			);
			dependencies = (
				6447633924606FE2006F1DA0 /* PBXTargetDependency */,
			);
			name = PMAUITests;
			productName = PMAUITests;
			productReference = 6447633724606FE2006F1DA0 /* PMAUITests.xctest */;
			productType = "com.apple.product-type.bundle.ui-testing";
		};
/* End PBXNativeTarget section */

/* Begin PBXProject section */
		6447630E24606FE0006F1DA0 /* Project object */ = {
			isa = PBXProject;
			attributes = {
				LastSwiftUpdateCheck = 1130;
				LastUpgradeCheck = 1130;
				ORGANIZATIONNAME = "Hassall, Oscar (HWTA)";
				TargetAttributes = {
					6447631524606FE0006F1DA0 = {
						CreatedOnToolsVersion = 11.3.1;
					};
					6447632B24606FE2006F1DA0 = {
						CreatedOnToolsVersion = 11.3.1;
						TestTargetID = 6447631524606FE0006F1DA0;
					};
					6447633624606FE2006F1DA0 = {
						CreatedOnToolsVersion = 11.3.1;
						TestTargetID = 6447631524606FE0006F1DA0;
					};
				};
			};
			buildConfigurationList = 6447631124606FE0006F1DA0 /* Build configuration list for PBXProject "PMA" */;
			compatibilityVersion = "Xcode 9.3";
			developmentRegion = en;
			hasScannedForEncodings = 0;
			knownRegions = (
				en,
				Base,
			);
			mainGroup = 6447630D24606FE0006F1DA0;
			productRefGroup = 6447631724606FE0006F1DA0 /* Products */;
			projectDirPath = "";
			projectRoot = "";
			targets = (
				6447631524606FE0006F1DA0 /* PMA */,
				6447632B24606FE2006F1DA0 /* PMATests */,
				6447633624606FE2006F1DA0 /* PMAUITests */,
			);
		};
/* End PBXProject section */

/* Begin PBXResourcesBuildPhase section */
		6447631424606FE0006F1DA0 /* Resources */ = {
			isa = PBXResourcesBuildPhase;
			buildActionMask = 2147483647;
			files = (
				6447632624606FE2006F1DA0 /* LaunchScreen.storyboard in Resources */,
				6447632324606FE2006F1DA0 /* Assets.xcassets in Resources */,
				6447632124606FE0006F1DA0 /* Main.storyboard in Resources */,
			);
			runOnlyForDeploymentPostprocessing = 0;
		};
		6447632A24606FE2006F1DA0 /* Resources */ = {
			isa = PBXResourcesBuildPhase;
			buildActionMask = 2147483647;
			files = (
			);
			runOnlyForDeploymentPostprocessing = 0;
		};
		6447633524606FE2006F1DA0 /* Resources */ = {
			isa = PBXResourcesBuildPhase;
			buildActionMask = 2147483647;
			files = (
			);
			runOnlyForDeploymentPostprocessing = 0;
		};
/* End PBXResourcesBuildPhase section */

/* Begin PBXSourcesBuildPhase section */
		6447631224606FE0006F1DA0 /* Sources */ = {
			isa = PBXSourcesBuildPhase;
			buildActionMask = 2147483647;
			files = (
				6447631E24606FE0006F1DA0 /* ViewController.swift in Sources */,
				6447631A24606FE0006F1DA0 /* AppDelegate.swift in Sources */,
				6447631C24606FE0006F1DA0 /* SceneDelegate.swift in Sources */,
			);
			runOnlyForDeploymentPostprocessing = 0;
		};
		6447632824606FE2006F1DA0 /* Sources */ = {
			isa = PBXSourcesBuildPhase;
			buildActionMask = 2147483647;
			files = (
				6447633124606FE2006F1DA0 /* PMATests.swift in Sources */,
			);
			runOnlyForDeploymentPostprocessing = 0;
		};
		6447633324606FE2006F1DA0 /* Sources */ = {
			isa = PBXSourcesBuildPhase;
			buildActionMask = 2147483647;
			files = (
				6447633C24606FE3006F1DA0 /* PMAUITests.swift in Sources */,
			);
			runOnlyForDeploymentPostprocessing = 0;
		};
/* End PBXSourcesBuildPhase section */

/* Begin PBXTargetDependency section */
		6447632E24606FE2006F1DA0 /* PBXTargetDependency */ = {
			isa = PBXTargetDependency;
			target = 6447631524606FE0006F1DA0 /* PMA */;
			targetProxy = 6447632D24606FE2006F1DA0 /* PBXContainerItemProxy */;
		};
		6447633924606FE2006F1DA0 /* PBXTargetDependency */ = {
			isa = PBXTargetDependency;
			target = 6447631524606FE0006F1DA0 /* PMA */;
			targetProxy = 6447633824606FE2006F1DA0 /* PBXContainerItemProxy */;
		};
/* End PBXTargetDependency section */

/* Begin PBXVariantGroup section */
		6447631F24606FE0006F1DA0 /* Main.storyboard */ = {
			isa = PBXVariantGroup;
			children = (
				6447632024606FE0006F1DA0 /* Base */,
			);
			name = Main.storyboard;
			sourceTree = "<group>";
		};
		6447632424606FE2006F1DA0 /* LaunchScreen.storyboard */ = {
			isa = PBXVariantGroup;
			children = (
				6447632524606FE2006F1DA0 /* Base */,
			);
			name = LaunchScreen.storyboard;
			sourceTree = "<group>";
		};
/* End PBXVariantGroup section */

/* Begin XCBuildConfiguration section */
		6447633E24606FE3006F1DA0 /* Debug */ = {
			isa = XCBuildConfiguration;
			buildSettings = {
				ALWAYS_SEARCH_USER_PATHS = NO;
				CLANG_ANALYZER_NONNULL = YES;
				CLANG_ANALYZER_NUMBER_OBJECT_CONVERSION = YES_AGGRESSIVE;
				CLANG_CXX_LANGUAGE_STANDARD = "gnu++14";
				CLANG_CXX_LIBRARY = "libc++";
				CLANG_ENABLE_MODULES = YES;
				CLANG_ENABLE_OBJC_ARC = YES;
				CLANG_ENABLE_OBJC_WEAK = YES;
				CLANG_WARN_BLOCK_CAPTURE_AUTORELEASING = YES;
				CLANG_WARN_BOOL_CONVERSION = YES;
				CLANG_WARN_COMMA = YES;
				CLANG_WARN_CONSTANT_CONVERSION = YES;
				CLANG_WARN_DEPRECATED_OBJC_IMPLEMENTATIONS = YES;
				CLANG_WARN_DIRECT_OBJC_ISA_USAGE = YES_ERROR;
				CLANG_WARN_DOCUMENTATION_COMMENTS = YES;
				CLANG_WARN_EMPTY_BODY = YES;
				CLANG_WARN_ENUM_CONVERSION = YES;
				CLANG_WARN_INFINITE_RECURSION = YES;
				CLANG_WARN_INT_CONVERSION = YES;
				CLANG_WARN_NON_LITERAL_NULL_CONVERSION = YES;
				CLANG_WARN_OBJC_IMPLICIT_RETAIN_SELF = YES;
				CLANG_WARN_OBJC_LITERAL_CONVERSION = YES;
				CLANG_WARN_OBJC_ROOT_CLASS = YES_ERROR;
				CLANG_WARN_RANGE_LOOP_ANALYSIS = YES;
				CLANG_WARN_STRICT_PROTOTYPES = YES;
				CLANG_WARN_SUSPICIOUS_MOVE = YES;
				CLANG_WARN_UNGUARDED_AVAILABILITY = YES_AGGRESSIVE;
				CLANG_WARN_UNREACHABLE_CODE = YES;
				CLANG_WARN__DUPLICATE_METHOD_MATCH = YES;
				COPY_PHASE_STRIP = NO;
				DEBUG_INFORMATION_FORMAT = dwarf;
				ENABLE_STRICT_OBJC_MSGSEND = YES;
				ENABLE_TESTABILITY = YES;
				GCC_C_LANGUAGE_STANDARD = gnu11;
				GCC_DYNAMIC_NO_PIC = NO;
				GCC_NO_COMMON_BLOCKS = YES;
				GCC_OPTIMIZATION_LEVEL = 0;
				GCC_PREPROCESSOR_DEFINITIONS = (
					"DEBUG=1",
					"$(inherited)",
				);
				GCC_WARN_64_TO_32_BIT_CONVERSION = YES;
				GCC_WARN_ABOUT_RETURN_TYPE = YES_ERROR;
				GCC_WARN_UNDECLARED_SELECTOR = YES;
				GCC_WARN_UNINITIALIZED_AUTOS = YES_AGGRESSIVE;
				GCC_WARN_UNUSED_FUNCTION = YES;
				GCC_WARN_UNUSED_VARIABLE = YES;
				IPHONEOS_DEPLOYMENT_TARGET = 13.2;
				MTL_ENABLE_DEBUG_INFO = INCLUDE_SOURCE;
				MTL_FAST_MATH = YES;
				ONLY_ACTIVE_ARCH = YES;
				SDKROOT = iphoneos;
				SWIFT_ACTIVE_COMPILATION_CONDITIONS = DEBUG;
				SWIFT_OPTIMIZATION_LEVEL = "-Onone";
			};
			name = Debug;
		};
		6447633F24606FE3006F1DA0 /* Release */ = {
			isa = XCBuildConfiguration;
			buildSettings = {
				ALWAYS_SEARCH_USER_PATHS = NO;
				CLANG_ANALYZER_NONNULL = YES;
				CLANG_ANALYZER_NUMBER_OBJECT_CONVERSION = YES_AGGRESSIVE;
				CLANG_CXX_LANGUAGE_STANDARD = "gnu++14";
				CLANG_CXX_LIBRARY = "libc++";
				CLANG_ENABLE_MODULES = YES;
				CLANG_ENABLE_OBJC_ARC = YES;
				CLANG_ENABLE_OBJC_WEAK = YES;
				CLANG_WARN_BLOCK_CAPTURE_AUTORELEASING = YES;
				CLANG_WARN_BOOL_CONVERSION = YES;
				CLANG_WARN_COMMA = YES;
				CLANG_WARN_CONSTANT_CONVERSION = YES;
				CLANG_WARN_DEPRECATED_OBJC_IMPLEMENTATIONS = YES;
				CLANG_WARN_DIRECT_OBJC_ISA_USAGE = YES_ERROR;
				CLANG_WARN_DOCUMENTATION_COMMENTS = YES;
				CLANG_WARN_EMPTY_BODY = YES;
				CLANG_WARN_ENUM_CONVERSION = YES;
				CLANG_WARN_INFINITE_RECURSION = YES;
				CLANG_WARN_INT_CONVERSION = YES;
				CLANG_WARN_NON_LITERAL_NULL_CONVERSION = YES;
				CLANG_WARN_OBJC_IMPLICIT_RETAIN_SELF = YES;
				CLANG_WARN_OBJC_LITERAL_CONVERSION = YES;
				CLANG_WARN_OBJC_ROOT_CLASS = YES_ERROR;
				CLANG_WARN_RANGE_LOOP_ANALYSIS = YES;
				CLANG_WARN_STRICT_PROTOTYPES = YES;
				CLANG_WARN_SUSPICIOUS_MOVE = YES;
				CLANG_WARN_UNGUARDED_AVAILABILITY = YES_AGGRESSIVE;
				CLANG_WARN_UNREACHABLE_CODE = YES;
				CLANG_WARN__DUPLICATE_METHOD_MATCH = YES;
				COPY_PHASE_STRIP = NO;
				DEBUG_INFORMATION_FORMAT = "dwarf-with-dsym";
				ENABLE_NS_ASSERTIONS = NO;
				ENABLE_STRICT_OBJC_MSGSEND = YES;
				GCC_C_LANGUAGE_STANDARD = gnu11;
				GCC_NO_COMMON_BLOCKS = YES;
				GCC_WARN_64_TO_32_BIT_CONVERSION = YES;
				GCC_WARN_ABOUT_RETURN_TYPE = YES_ERROR;
				GCC_WARN_UNDECLARED_SELECTOR = YES;
				GCC_WARN_UNINITIALIZED_AUTOS = YES_AGGRESSIVE;
				GCC_WARN_UNUSED_FUNCTION = YES;
				GCC_WARN_UNUSED_VARIABLE = YES;
				IPHONEOS_DEPLOYMENT_TARGET = 13.2;
				MTL_ENABLE_DEBUG_INFO = NO;
				MTL_FAST_MATH = YES;
				SDKROOT = iphoneos;
				SWIFT_COMPILATION_MODE = wholemodule;
				SWIFT_OPTIMIZATION_LEVEL = "-O";
				VALIDATE_PRODUCT = YES;
			};
			name = Release;
		};
		6447634124606FE3006F1DA0 /* Debug */ = {
			isa = XCBuildConfiguration;
			buildSettings = {
				ASSETCATALOG_COMPILER_APPICON_NAME = AppIcon;
				CODE_SIGN_STYLE = Automatic;
				INFOPLIST_FILE = PMA/Info.plist;
				LD_RUNPATH_SEARCH_PATHS = (
					"$(inherited)",
					"@executable_path/Frameworks",
				);
				PRODUCT_BUNDLE_IDENTIFIER = com.Omnicronical.PMA;
				PRODUCT_NAME = "$(TARGET_NAME)";
				SWIFT_VERSION = 5.0;
				TARGETED_DEVICE_FAMILY = "1,2";
			};
			name = Debug;
		};
		6447634224606FE3006F1DA0 /* Release */ = {
			isa = XCBuildConfiguration;
			buildSettings = {
				ASSETCATALOG_COMPILER_APPICON_NAME = AppIcon;
				CODE_SIGN_STYLE = Automatic;
				INFOPLIST_FILE = PMA/Info.plist;
				LD_RUNPATH_SEARCH_PATHS = (
					"$(inherited)",
					"@executable_path/Frameworks",
				);
				PRODUCT_BUNDLE_IDENTIFIER = com.Omnicronical.PMA;
				PRODUCT_NAME = "$(TARGET_NAME)";
				SWIFT_VERSION = 5.0;
				TARGETED_DEVICE_FAMILY = "1,2";
			};
			name = Release;
		};
		6447634424606FE3006F1DA0 /* Debug */ = {
			isa = XCBuildConfiguration;
			buildSettings = {
				ALWAYS_EMBED_SWIFT_STANDARD_LIBRARIES = YES;
				BUNDLE_LOADER = "$(TEST_HOST)";
				CODE_SIGN_STYLE = Automatic;
				INFOPLIST_FILE = PMATests/Info.plist;
				IPHONEOS_DEPLOYMENT_TARGET = 13.2;
				LD_RUNPATH_SEARCH_PATHS = (
					"$(inherited)",
					"@executable_path/Frameworks",
					"@loader_path/Frameworks",
				);
				PRODUCT_BUNDLE_IDENTIFIER = com.Omnicronical.PMATests;
				PRODUCT_NAME = "$(TARGET_NAME)";
				SWIFT_VERSION = 5.0;
				TARGETED_DEVICE_FAMILY = "1,2";
				TEST_HOST = "$(BUILT_PRODUCTS_DIR)/PMA.app/PMA";
			};
			name = Debug;
		};
		6447634524606FE3006F1DA0 /* Release */ = {
			isa = XCBuildConfiguration;
			buildSettings = {
				ALWAYS_EMBED_SWIFT_STANDARD_LIBRARIES = YES;
				BUNDLE_LOADER = "$(TEST_HOST)";
				CODE_SIGN_STYLE = Automatic;
				INFOPLIST_FILE = PMATests/Info.plist;
				IPHONEOS_DEPLOYMENT_TARGET = 13.2;
				LD_RUNPATH_SEARCH_PATHS = (
					"$(inherited)",
					"@executable_path/Frameworks",
					"@loader_path/Frameworks",
				);
				PRODUCT_BUNDLE_IDENTIFIER = com.Omnicronical.PMATests;
				PRODUCT_NAME = "$(TARGET_NAME)";
				SWIFT_VERSION = 5.0;
				TARGETED_DEVICE_FAMILY = "1,2";
				TEST_HOST = "$(BUILT_PRODUCTS_DIR)/PMA.app/PMA";
			};
			name = Release;
		};
		6447634724606FE3006F1DA0 /* Debug */ = {
			isa = XCBuildConfiguration;
			buildSettings = {
				ALWAYS_EMBED_SWIFT_STANDARD_LIBRARIES = YES;
				CODE_SIGN_STYLE = Automatic;
				INFOPLIST_FILE = PMAUITests/Info.plist;
				LD_RUNPATH_SEARCH_PATHS = (
					"$(inherited)",
					"@executable_path/Frameworks",
					"@loader_path/Frameworks",
				);
				PRODUCT_BUNDLE_IDENTIFIER = com.Omnicronical.PMAUITests;
				PRODUCT_NAME = "$(TARGET_NAME)";
				SWIFT_VERSION = 5.0;
				TARGETED_DEVICE_FAMILY = "1,2";
				TEST_TARGET_NAME = PMA;
			};
			name = Debug;
		};
		6447634824606FE3006F1DA0 /* Release */ = {
			isa = XCBuildConfiguration;
			buildSettings = {
				ALWAYS_EMBED_SWIFT_STANDARD_LIBRARIES = YES;
				CODE_SIGN_STYLE = Automatic;
				INFOPLIST_FILE = PMAUITests/Info.plist;
				LD_RUNPATH_SEARCH_PATHS = (
					"$(inherited)",
					"@executable_path/Frameworks",
					"@loader_path/Frameworks",
				);
				PRODUCT_BUNDLE_IDENTIFIER = com.Omnicronical.PMAUITests;
				PRODUCT_NAME = "$(TARGET_NAME)";
				SWIFT_VERSION = 5.0;
				TARGETED_DEVICE_FAMILY = "1,2";
				TEST_TARGET_NAME = PMA;
			};
			name = Release;
		};
/* End XCBuildConfiguration section */

/* Begin XCConfigurationList section */
		6447631124606FE0006F1DA0 /* Build configuration list for PBXProject "PMA" */ = {
			isa = XCConfigurationList;
			buildConfigurations = (
				6447633E24606FE3006F1DA0 /* Debug */,
				6447633F24606FE3006F1DA0 /* Release */,
			);
			defaultConfigurationIsVisible = 0;
			defaultConfigurationName = Release;
		};
		6447634024606FE3006F1DA0 /* Build configuration list for PBXNativeTarget "PMA" */ = {
			isa = XCConfigurationList;
			buildConfigurations = (
				6447634124606FE3006F1DA0 /* Debug */,
				6447634224606FE3006F1DA0 /* Release */,
			);
			defaultConfigurationIsVisible = 0;
			defaultConfigurationName = Release;
		};
		6447634324606FE3006F1DA0 /* Build configuration list for PBXNativeTarget "PMATests" */ = {
			isa = XCConfigurationList;
			buildConfigurations = (
				6447634424606FE3006F1DA0 /* Debug */,
				6447634524606FE3006F1DA0 /* Release */,
			);
			defaultConfigurationIsVisible = 0;
			defaultConfigurationName = Release;
		};
		6447634624606FE3006F1DA0 /* Build configuration list for PBXNativeTarget "PMAUITests" */ = {
			isa = XCConfigurationList;
			buildConfigurations = (
				6447634724606FE3006F1DA0 /* Debug */,
				6447634824606FE3006F1DA0 /* Release */,
			);
			defaultConfigurationIsVisible = 0;
			defaultConfigurationName = Release;
		};
/* End XCConfigurationList section */
	};
	rootObject = 6447630E24606FE0006F1DA0 /* Project object */;
}
